
Microsoft Visual Studio Solution File, Format Version 12.00
# Visual Studio 15
VisualStudioVersion = 15.0.28307.168
MinimumVisualStudioVersion = 10.0.40219.1
Project("{FAE04EC0-301F-11D3-BF4B-00C04F79EFBC}") = "Arrayprocessing", "Arrayprocessing\Arrayprocessing.csproj", "{4D4F5898-44DD-454A-A905-E5237620BAF3}"
EndProject
Global
	GlobalSection(SolutionConfigurationPlatforms) = preSolution
		Debug|Any CPU = Debug|Any CPU
		Release|Any CPU = Release|Any CPU
	EndGlobalSection
	GlobalSection(ProjectConfigurationPlatforms) = postSolution
		{4D4F5898-44DD-454A-A905-E5237620BAF3}.Debug|Any CPU.ActiveCfg = Debug|Any CPU
		{4D4F5898-44DD-454A-A905-E5237620BAF3}.Debug|Any CPU.Build.0 = Debug|Any CPU
		{4D4F5898-44DD-454A-A905-E5237620BAF3}.Release|Any CPU.ActiveCfg = Release|Any CPU
		{4D4F5898-44DD-454A-A905-E5237620BAF3}.Release|Any CPU.Build.0 = Release|Any CPU
	EndGlobalSection
	GlobalSection(SolutionProperties) = preSolution
		HideSolutionNode = FALSE
	EndGlobalSection
	GlobalSection(ExtensibilityGlobals) = postSolution
		SolutionGuid = {47989996-007B-4CF1-8EBD-0ED3D7F30685}
	EndGlobalSection
EndGlobal
